
Microsoft Visual Studio Solution File, Format Version 12.00
# Visual Studio Version 17
VisualStudioVersion = 17.7.34031.279
MinimumVisualStudioVersion = 10.0.40219.1
Project("{54A90642-561A-4BB1-A94E-469ADEE60C69}") = "angularapp", "angularapp\angularapp.esproj", "{8A0356A7-5DAC-4615-A50E-4414C6FBA3CE}"
EndProject
Project("{9A19103F-16F7-4668-BE54-9A1E7A4F7556}") = "webapi", "webapi\webapi.csproj", "{FEC89FF4-A767-41D2-9C7F-6C46134AD103}"
EndProject
Global
	GlobalSection(SolutionConfigurationPlatforms) = preSolution
		Debug|Any CPU = Debug|Any CPU
		Release|Any CPU = Release|Any CPU
	EndGlobalSection
	GlobalSection(ProjectConfigurationPlatforms) = postSolution
		{8A0356A7-5DAC-4615-A50E-4414C6FBA3CE}.Debug|Any CPU.ActiveCfg = Debug|Any CPU
		{8A0356A7-5DAC-4615-A50E-4414C6FBA3CE}.Debug|Any CPU.Build.0 = Debug|Any CPU
		{8A0356A7-5DAC-4615-A50E-4414C6FBA3CE}.Debug|Any CPU.Deploy.0 = Debug|Any CPU
		{8A0356A7-5DAC-4615-A50E-4414C6FBA3CE}.Release|Any CPU.ActiveCfg = Release|Any CPU
		{8A0356A7-5DAC-4615-A50E-4414C6FBA3CE}.Release|Any CPU.Build.0 = Release|Any CPU
		{8A0356A7-5DAC-4615-A50E-4414C6FBA3CE}.Release|Any CPU.Deploy.0 = Release|Any CPU
		{FEC89FF4-A767-41D2-9C7F-6C46134AD103}.Debug|Any CPU.ActiveCfg = Debug|Any CPU
		{FEC89FF4-A767-41D2-9C7F-6C46134AD103}.Debug|Any CPU.Build.0 = Debug|Any CPU
		{FEC89FF4-A767-41D2-9C7F-6C46134AD103}.Release|Any CPU.ActiveCfg = Release|Any CPU
		{FEC89FF4-A767-41D2-9C7F-6C46134AD103}.Release|Any CPU.Build.0 = Release|Any CPU
	EndGlobalSection
	GlobalSection(SolutionProperties) = preSolution
		HideSolutionNode = FALSE
	EndGlobalSection
	GlobalSection(ExtensibilityGlobals) = postSolution
		SolutionGuid = {399CC94D-0584-43B3-BAC5-3D042CB420F7}
	EndGlobalSection
EndGlobal
